// !$*UTF8*$!
{
	archiveVersion = 1;
	classes = {
	};
	objectVersion = 56;
	objects = {

/* Begin PBXBuildFile section */
		BE3F93BA2B1C1E84000C2B49 /* AppDelegate.swift in Sources */ = {isa = PBXBuildFile; fileRef = BE3F93B92B1C1E84000C2B49 /* AppDelegate.swift */; };
		BE3F93BC2B1C1E84000C2B49 /* SceneDelegate.swift in Sources */ = {isa = PBXBuildFile; fileRef = BE3F93BB2B1C1E84000C2B49 /* SceneDelegate.swift */; };
		BE3F93BE2B1C1E84000C2B49 /* ViewController.swift in Sources */ = {isa = PBXBuildFile; fileRef = BE3F93BD2B1C1E84000C2B49 /* ViewController.swift */; };
		BE3F93C12B1C1E84000C2B49 /* Main.storyboard in Resources */ = {isa = PBXBuildFile; fileRef = BE3F93BF2B1C1E84000C2B49 /* Main.storyboard */; };
		BE3F93C32B1C1E84000C2B49 /* Assets.xcassets in Resources */ = {isa = PBXBuildFile; fileRef = BE3F93C22B1C1E84000C2B49 /* Assets.xcassets */; };
		BE3F93C62B1C1E84000C2B49 /* LaunchScreen.storyboard in Resources */ = {isa = PBXBuildFile; fileRef = BE3F93C42B1C1E84000C2B49 /* LaunchScreen.storyboard */; };
		BE3F93D12B1C1E85000C2B49 /* IP09_TipCalculatorTests.swift in Sources */ = {isa = PBXBuildFile; fileRef = BE3F93D02B1C1E85000C2B49 /* IP09_TipCalculatorTests.swift */; };
		BE3F93DB2B1C1E85000C2B49 /* IP09_TipCalculatorUITests.swift in Sources */ = {isa = PBXBuildFile; fileRef = BE3F93DA2B1C1E85000C2B49 /* IP09_TipCalculatorUITests.swift */; };
		BE3F93DD2B1C1E85000C2B49 /* IP09_TipCalculatorUITestsLaunchTests.swift in Sources */ = {isa = PBXBuildFile; fileRef = BE3F93DC2B1C1E85000C2B49 /* IP09_TipCalculatorUITestsLaunchTests.swift */; };
/* End PBXBuildFile section */

/* Begin PBXContainerItemProxy section */
		BE3F93CD2B1C1E85000C2B49 /* PBXContainerItemProxy */ = {
			isa = PBXContainerItemProxy;
			containerPortal = BE3F93AE2B1C1E83000C2B49 /* Project object */;
			proxyType = 1;
			remoteGlobalIDString = BE3F93B52B1C1E84000C2B49;
			remoteInfo = "IP09-TipCalculator";
		};
		BE3F93D72B1C1E85000C2B49 /* PBXContainerItemProxy */ = {
			isa = PBXContainerItemProxy;
			containerPortal = BE3F93AE2B1C1E83000C2B49 /* Project object */;
			proxyType = 1;
			remoteGlobalIDString = BE3F93B52B1C1E84000C2B49;
			remoteInfo = "IP09-TipCalculator";
		};
/* End PBXContainerItemProxy section */

/* Begin PBXFileReference section */
		BE3F93B62B1C1E84000C2B49 /* IP09-TipCalculator.app */ = {isa = PBXFileReference; explicitFileType = wrapper.application; includeInIndex = 0; path = "IP09-TipCalculator.app"; sourceTree = BUILT_PRODUCTS_DIR; };
		BE3F93B92B1C1E84000C2B49 /* AppDelegate.swift */ = {isa = PBXFileReference; lastKnownFileType = sourcecode.swift; path = AppDelegate.swift; sourceTree = "<group>"; };
		BE3F93BB2B1C1E84000C2B49 /* SceneDelegate.swift */ = {isa = PBXFileReference; lastKnownFileType = sourcecode.swift; path = SceneDelegate.swift; sourceTree = "<group>"; };
		BE3F93BD2B1C1E84000C2B49 /* ViewController.swift */ = {isa = PBXFileReference; lastKnownFileType = sourcecode.swift; path = ViewController.swift; sourceTree = "<group>"; };
		BE3F93C02B1C1E84000C2B49 /* Base */ = {isa = PBXFileReference; lastKnownFileType = file.storyboard; name = Base; path = Base.lproj/Main.storyboard; sourceTree = "<group>"; };
		BE3F93C22B1C1E84000C2B49 /* Assets.xcassets */ = {isa = PBXFileReference; lastKnownFileType = folder.assetcatalog; path = Assets.xcassets; sourceTree = "<group>"; };
		BE3F93C52B1C1E84000C2B49 /* Base */ = {isa = PBXFileReference; lastKnownFileType = file.storyboard; name = Base; path = Base.lproj/LaunchScreen.storyboard; sourceTree = "<group>"; };
		BE3F93C72B1C1E84000C2B49 /* Info.plist */ = {isa = PBXFileReference; lastKnownFileType = text.plist.xml; path = Info.plist; sourceTree = "<group>"; };
		BE3F93CC2B1C1E85000C2B49 /* IP09-TipCalculatorTests.xctest */ = {isa = PBXFileReference; explicitFileType = wrapper.cfbundle; includeInIndex = 0; path = "IP09-TipCalculatorTests.xctest"; sourceTree = BUILT_PRODUCTS_DIR; };
		BE3F93D02B1C1E85000C2B49 /* IP09_TipCalculatorTests.swift */ = {isa = PBXFileReference; lastKnownFileType = sourcecode.swift; path = IP09_TipCalculatorTests.swift; sourceTree = "<group>"; };
		BE3F93D62B1C1E85000C2B49 /* IP09-TipCalculatorUITests.xctest */ = {isa = PBXFileReference; explicitFileType = wrapper.cfbundle; includeInIndex = 0; path = "IP09-TipCalculatorUITests.xctest"; sourceTree = BUILT_PRODUCTS_DIR; };
		BE3F93DA2B1C1E85000C2B49 /* IP09_TipCalculatorUITests.swift */ = {isa = PBXFileReference; lastKnownFileType = sourcecode.swift; path = IP09_TipCalculatorUITests.swift; sourceTree = "<group>"; };
		BE3F93DC2B1C1E85000C2B49 /* IP09_TipCalculatorUITestsLaunchTests.swift */ = {isa = PBXFileReference; lastKnownFileType = sourcecode.swift; path = IP09_TipCalculatorUITestsLaunchTests.swift; sourceTree = "<group>"; };
/* End PBXFileReference section */

/* Begin PBXFrameworksBuildPhase section */
		BE3F93B32B1C1E84000C2B49 /* Frameworks */ = {
			isa = PBXFrameworksBuildPhase;
			buildActionMask = 2147483647;
			files = (
			);
			runOnlyForDeploymentPostprocessing = 0;
		};
		BE3F93C92B1C1E85000C2B49 /* Frameworks */ = {
			isa = PBXFrameworksBuildPhase;
			buildActionMask = 2147483647;
			files = (
			);
			runOnlyForDeploymentPostprocessing = 0;
		};
		BE3F93D32B1C1E85000C2B49 /* Frameworks */ = {
			isa = PBXFrameworksBuildPhase;
			buildActionMask = 2147483647;
			files = (
			);
			runOnlyForDeploymentPostprocessing = 0;
		};
/* End PBXFrameworksBuildPhase section */

/* Begin PBXGroup section */
		BE3F93AD2B1C1E83000C2B49 = {
			isa = PBXGroup;
			children = (
				BE3F93B82B1C1E84000C2B49 /* IP09-TipCalculator */,
				BE3F93CF2B1C1E85000C2B49 /* IP09-TipCalculatorTests */,
				BE3F93D92B1C1E85000C2B49 /* IP09-TipCalculatorUITests */,
				BE3F93B72B1C1E84000C2B49 /* Products */,
			);
			sourceTree = "<group>";
		};
		BE3F93B72B1C1E84000C2B49 /* Products */ = {
			isa = PBXGroup;
			children = (
				BE3F93B62B1C1E84000C2B49 /* IP09-TipCalculator.app */,
				BE3F93CC2B1C1E85000C2B49 /* IP09-TipCalculatorTests.xctest */,
				BE3F93D62B1C1E85000C2B49 /* IP09-TipCalculatorUITests.xctest */,
			);
			name = Products;
			sourceTree = "<group>";
		};
		BE3F93B82B1C1E84000C2B49 /* IP09-TipCalculator */ = {
			isa = PBXGroup;
			children = (
				BE3F93B92B1C1E84000C2B49 /* AppDelegate.swift */,
				BE3F93BB2B1C1E84000C2B49 /* SceneDelegate.swift */,
				BE3F93BD2B1C1E84000C2B49 /* ViewController.swift */,
				BE3F93BF2B1C1E84000C2B49 /* Main.storyboard */,
				BE3F93C22B1C1E84000C2B49 /* Assets.xcassets */,
				BE3F93C42B1C1E84000C2B49 /* LaunchScreen.storyboard */,
				BE3F93C72B1C1E84000C2B49 /* Info.plist */,
			);
			path = "IP09-TipCalculator";
			sourceTree = "<group>";
		};
		BE3F93CF2B1C1E85000C2B49 /* IP09-TipCalculatorTests */ = {
			isa = PBXGroup;
			children = (
				BE3F93D02B1C1E85000C2B49 /* IP09_TipCalculatorTests.swift */,
			);
			path = "IP09-TipCalculatorTests";
			sourceTree = "<group>";
		};
		BE3F93D92B1C1E85000C2B49 /* IP09-TipCalculatorUITests */ = {
			isa = PBXGroup;
			children = (
				BE3F93DA2B1C1E85000C2B49 /* IP09_TipCalculatorUITests.swift */,
				BE3F93DC2B1C1E85000C2B49 /* IP09_TipCalculatorUITestsLaunchTests.swift */,
			);
			path = "IP09-TipCalculatorUITests";
			sourceTree = "<group>";
		};
/* End PBXGroup section */

/* Begin PBXNativeTarget section */
		BE3F93B52B1C1E84000C2B49 /* IP09-TipCalculator */ = {
			isa = PBXNativeTarget;
			buildConfigurationList = BE3F93E02B1C1E85000C2B49 /* Build configuration list for PBXNativeTarget "IP09-TipCalculator" */;
			buildPhases = (
				BE3F93B22B1C1E84000C2B49 /* Sources */,
				BE3F93B32B1C1E84000C2B49 /* Frameworks */,
				BE3F93B42B1C1E84000C2B49 /* Resources */,
			);
			buildRules = (
			);
			dependencies = (
			);
			name = "IP09-TipCalculator";
			productName = "IP09-TipCalculator";
			productReference = BE3F93B62B1C1E84000C2B49 /* IP09-TipCalculator.app */;
			productType = "com.apple.product-type.application";
		};
		BE3F93CB2B1C1E85000C2B49 /* IP09-TipCalculatorTests */ = {
			isa = PBXNativeTarget;
			buildConfigurationList = BE3F93E32B1C1E85000C2B49 /* Build configuration list for PBXNativeTarget "IP09-TipCalculatorTests" */;
			buildPhases = (
				BE3F93C82B1C1E85000C2B49 /* Sources */,
				BE3F93C92B1C1E85000C2B49 /* Frameworks */,
				BE3F93CA2B1C1E85000C2B49 /* Resources */,
			);
			buildRules = (
			);
			dependencies = (
				BE3F93CE2B1C1E85000C2B49 /* PBXTargetDependency */,
			);
			name = "IP09-TipCalculatorTests";
			productName = "IP09-TipCalculatorTests";
			productReference = BE3F93CC2B1C1E85000C2B49 /* IP09-TipCalculatorTests.xctest */;
			productType = "com.apple.product-type.bundle.unit-test";
		};
		BE3F93D52B1C1E85000C2B49 /* IP09-TipCalculatorUITests */ = {
			isa = PBXNativeTarget;
			buildConfigurationList = BE3F93E62B1C1E85000C2B49 /* Build configuration list for PBXNativeTarget "IP09-TipCalculatorUITests" */;
			buildPhases = (
				BE3F93D22B1C1E85000C2B49 /* Sources */,
				BE3F93D32B1C1E85000C2B49 /* Frameworks */,
				BE3F93D42B1C1E85000C2B49 /* Resources */,
			);
			buildRules = (
			);
			dependencies = (
				BE3F93D82B1C1E85000C2B49 /* PBXTargetDependency */,
			);
			name = "IP09-TipCalculatorUITests";
			productName = "IP09-TipCalculatorUITests";
			productReference = BE3F93D62B1C1E85000C2B49 /* IP09-TipCalculatorUITests.xctest */;
			productType = "com.apple.product-type.bundle.ui-testing";
		};
/* End PBXNativeTarget section */

/* Begin PBXProject section */
		BE3F93AE2B1C1E83000C2B49 /* Project object */ = {
			isa = PBXProject;
			attributes = {
				BuildIndependentTargetsInParallel = 1;
				LastSwiftUpdateCheck = 1430;
				LastUpgradeCheck = 1430;
				TargetAttributes = {
					BE3F93B52B1C1E84000C2B49 = {
						CreatedOnToolsVersion = 14.3.1;
					};
					BE3F93CB2B1C1E85000C2B49 = {
						CreatedOnToolsVersion = 14.3.1;
						TestTargetID = BE3F93B52B1C1E84000C2B49;
					};
					BE3F93D52B1C1E85000C2B49 = {
						CreatedOnToolsVersion = 14.3.1;
						TestTargetID = BE3F93B52B1C1E84000C2B49;
					};
				};
			};
			buildConfigurationList = BE3F93B12B1C1E83000C2B49 /* Build configuration list for PBXProject "IP09-TipCalculator" */;
			compatibilityVersion = "Xcode 14.0";
			developmentRegion = en;
			hasScannedForEncodings = 0;
			knownRegions = (
				en,
				Base,
			);
			mainGroup = BE3F93AD2B1C1E83000C2B49;
			productRefGroup = BE3F93B72B1C1E84000C2B49 /* Products */;
			projectDirPath = "";
			projectRoot = "";
			targets = (
				BE3F93B52B1C1E84000C2B49 /* IP09-TipCalculator */,
				BE3F93CB2B1C1E85000C2B49 /* IP09-TipCalculatorTests */,
				BE3F93D52B1C1E85000C2B49 /* IP09-TipCalculatorUITests */,
			);
		};
/* End PBXProject section */

/* Begin PBXResourcesBuildPhase section */
		BE3F93B42B1C1E84000C2B49 /* Resources */ = {
			isa = PBXResourcesBuildPhase;
			buildActionMask = 2147483647;
			files = (
				BE3F93C62B1C1E84000C2B49 /* LaunchScreen.storyboard in Resources */,
				BE3F93C32B1C1E84000C2B49 /* Assets.xcassets in Resources */,
				BE3F93C12B1C1E84000C2B49 /* Main.storyboard in Resources */,
			);
			runOnlyForDeploymentPostprocessing = 0;
		};
		BE3F93CA2B1C1E85000C2B49 /* Resources */ = {
			isa = PBXResourcesBuildPhase;
			buildActionMask = 2147483647;
			files = (
			);
			runOnlyForDeploymentPostprocessing = 0;
		};
		BE3F93D42B1C1E85000C2B49 /* Resources */ = {
			isa = PBXResourcesBuildPhase;
			buildActionMask = 2147483647;
			files = (
			);
			runOnlyForDeploymentPostprocessing = 0;
		};
/* End PBXResourcesBuildPhase section */

/* Begin PBXSourcesBuildPhase section */
		BE3F93B22B1C1E84000C2B49 /* Sources */ = {
			isa = PBXSourcesBuildPhase;
			buildActionMask = 2147483647;
			files = (
				BE3F93BE2B1C1E84000C2B49 /* ViewController.swift in Sources */,
				BE3F93BA2B1C1E84000C2B49 /* AppDelegate.swift in Sources */,
				BE3F93BC2B1C1E84000C2B49 /* SceneDelegate.swift in Sources */,
			);
			runOnlyForDeploymentPostprocessing = 0;
		};
		BE3F93C82B1C1E85000C2B49 /* Sources */ = {
			isa = PBXSourcesBuildPhase;
			buildActionMask = 2147483647;
			files = (
				BE3F93D12B1C1E85000C2B49 /* IP09_TipCalculatorTests.swift in Sources */,
			);
			runOnlyForDeploymentPostprocessing = 0;
		};
		BE3F93D22B1C1E85000C2B49 /* Sources */ = {
			isa = PBXSourcesBuildPhase;
			buildActionMask = 2147483647;
			files = (
				BE3F93DD2B1C1E85000C2B49 /* IP09_TipCalculatorUITestsLaunchTests.swift in Sources */,
				BE3F93DB2B1C1E85000C2B49 /* IP09_TipCalculatorUITests.swift in Sources */,
			);
			runOnlyForDeploymentPostprocessing = 0;
		};
/* End PBXSourcesBuildPhase section */

/* Begin PBXTargetDependency section */
		BE3F93CE2B1C1E85000C2B49 /* PBXTargetDependency */ = {
			isa = PBXTargetDependency;
			target = BE3F93B52B1C1E84000C2B49 /* IP09-TipCalculator */;
			targetProxy = BE3F93CD2B1C1E85000C2B49 /* PBXContainerItemProxy */;
		};
		BE3F93D82B1C1E85000C2B49 /* PBXTargetDependency */ = {
			isa = PBXTargetDependency;
			target = BE3F93B52B1C1E84000C2B49 /* IP09-TipCalculator */;
			targetProxy = BE3F93D72B1C1E85000C2B49 /* PBXContainerItemProxy */;
		};
/* End PBXTargetDependency section */

/* Begin PBXVariantGroup section */
		BE3F93BF2B1C1E84000C2B49 /* Main.storyboard */ = {
			isa = PBXVariantGroup;
			children = (
				BE3F93C02B1C1E84000C2B49 /* Base */,
			);
			name = Main.storyboard;
			sourceTree = "<group>";
		};
		BE3F93C42B1C1E84000C2B49 /* LaunchScreen.storyboard */ = {
			isa = PBXVariantGroup;
			children = (
				BE3F93C52B1C1E84000C2B49 /* Base */,
			);
			name = LaunchScreen.storyboard;
			sourceTree = "<group>";
		};
/* End PBXVariantGroup section */

/* Begin XCBuildConfiguration section */
		BE3F93DE2B1C1E85000C2B49 /* Debug */ = {
			isa = XCBuildConfiguration;
			buildSettings = {
				ALWAYS_SEARCH_USER_PATHS = NO;
				CLANG_ANALYZER_NONNULL = YES;
				CLANG_ANALYZER_NUMBER_OBJECT_CONVERSION = YES_AGGRESSIVE;
				CLANG_CXX_LANGUAGE_STANDARD = "gnu++20";
				CLANG_ENABLE_MODULES = YES;
				CLANG_ENABLE_OBJC_ARC = YES;
				CLANG_ENABLE_OBJC_WEAK = YES;
				CLANG_WARN_BLOCK_CAPTURE_AUTORELEASING = YES;
				CLANG_WARN_BOOL_CONVERSION = YES;
				CLANG_WARN_COMMA = YES;
				CLANG_WARN_CONSTANT_CONVERSION = YES;
				CLANG_WARN_DEPRECATED_OBJC_IMPLEMENTATIONS = YES;
				CLANG_WARN_DIRECT_OBJC_ISA_USAGE = YES_ERROR;
				CLANG_WARN_DOCUMENTATION_COMMENTS = YES;
				CLANG_WARN_EMPTY_BODY = YES;
				CLANG_WARN_ENUM_CONVERSION = YES;
				CLANG_WARN_INFINITE_RECURSION = YES;
				CLANG_WARN_INT_CONVERSION = YES;
				CLANG_WARN_NON_LITERAL_NULL_CONVERSION = YES;
				CLANG_WARN_OBJC_IMPLICIT_RETAIN_SELF = YES;
				CLANG_WARN_OBJC_LITERAL_CONVERSION = YES;
				CLANG_WARN_OBJC_ROOT_CLASS = YES_ERROR;
				CLANG_WARN_QUOTED_INCLUDE_IN_FRAMEWORK_HEADER = YES;
				CLANG_WARN_RANGE_LOOP_ANALYSIS = YES;
				CLANG_WARN_STRICT_PROTOTYPES = YES;
				CLANG_WARN_SUSPICIOUS_MOVE = YES;
				CLANG_WARN_UNGUARDED_AVAILABILITY = YES_AGGRESSIVE;
				CLANG_WARN_UNREACHABLE_CODE = YES;
				CLANG_WARN__DUPLICATE_METHOD_MATCH = YES;
				COPY_PHASE_STRIP = NO;
				DEBUG_INFORMATION_FORMAT = dwarf;
				ENABLE_STRICT_OBJC_MSGSEND = YES;
				ENABLE_TESTABILITY = YES;
				GCC_C_LANGUAGE_STANDARD = gnu11;
				GCC_DYNAMIC_NO_PIC = NO;
				GCC_NO_COMMON_BLOCKS = YES;
				GCC_OPTIMIZATION_LEVEL = 0;
				GCC_PREPROCESSOR_DEFINITIONS = (
					"DEBUG=1",
					"$(inherited)",
				);
				GCC_WARN_64_TO_32_BIT_CONVERSION = YES;
				GCC_WARN_ABOUT_RETURN_TYPE = YES_ERROR;
				GCC_WARN_UNDECLARED_SELECTOR = YES;
				GCC_WARN_UNINITIALIZED_AUTOS = YES_AGGRESSIVE;
				GCC_WARN_UNUSED_FUNCTION = YES;
				GCC_WARN_UNUSED_VARIABLE = YES;
				IPHONEOS_DEPLOYMENT_TARGET = 16.4;
				MTL_ENABLE_DEBUG_INFO = INCLUDE_SOURCE;
				MTL_FAST_MATH = YES;
				ONLY_ACTIVE_ARCH = YES;
				SDKROOT = iphoneos;
				SWIFT_ACTIVE_COMPILATION_CONDITIONS = DEBUG;
				SWIFT_OPTIMIZATION_LEVEL = "-Onone";
			};
			name = Debug;
		};
		BE3F93DF2B1C1E85000C2B49 /* Release */ = {
			isa = XCBuildConfiguration;
			buildSettings = {
				ALWAYS_SEARCH_USER_PATHS = NO;
				CLANG_ANALYZER_NONNULL = YES;
				CLANG_ANALYZER_NUMBER_OBJECT_CONVERSION = YES_AGGRESSIVE;
				CLANG_CXX_LANGUAGE_STANDARD = "gnu++20";
				CLANG_ENABLE_MODULES = YES;
				CLANG_ENABLE_OBJC_ARC = YES;
				CLANG_ENABLE_OBJC_WEAK = YES;
				CLANG_WARN_BLOCK_CAPTURE_AUTORELEASING = YES;
				CLANG_WARN_BOOL_CONVERSION = YES;
				CLANG_WARN_COMMA = YES;
				CLANG_WARN_CONSTANT_CONVERSION = YES;
				CLANG_WARN_DEPRECATED_OBJC_IMPLEMENTATIONS = YES;
				CLANG_WARN_DIRECT_OBJC_ISA_USAGE = YES_ERROR;
				CLANG_WARN_DOCUMENTATION_COMMENTS = YES;
				CLANG_WARN_EMPTY_BODY = YES;
				CLANG_WARN_ENUM_CONVERSION = YES;
				CLANG_WARN_INFINITE_RECURSION = YES;
				CLANG_WARN_INT_CONVERSION = YES;
				CLANG_WARN_NON_LITERAL_NULL_CONVERSION = YES;
				CLANG_WARN_OBJC_IMPLICIT_RETAIN_SELF = YES;
				CLANG_WARN_OBJC_LITERAL_CONVERSION = YES;
				CLANG_WARN_OBJC_ROOT_CLASS = YES_ERROR;
				CLANG_WARN_QUOTED_INCLUDE_IN_FRAMEWORK_HEADER = YES;
				CLANG_WARN_RANGE_LOOP_ANALYSIS = YES;
				CLANG_WARN_STRICT_PROTOTYPES = YES;
				CLANG_WARN_SUSPICIOUS_MOVE = YES;
				CLANG_WARN_UNGUARDED_AVAILABILITY = YES_AGGRESSIVE;
				CLANG_WARN_UNREACHABLE_CODE = YES;
				CLANG_WARN__DUPLICATE_METHOD_MATCH = YES;
				COPY_PHASE_STRIP = NO;
				DEBUG_INFORMATION_FORMAT = "dwarf-with-dsym";
				ENABLE_NS_ASSERTIONS = NO;
				ENABLE_STRICT_OBJC_MSGSEND = YES;
				GCC_C_LANGUAGE_STANDARD = gnu11;
				GCC_NO_COMMON_BLOCKS = YES;
				GCC_WARN_64_TO_32_BIT_CONVERSION = YES;
				GCC_WARN_ABOUT_RETURN_TYPE = YES_ERROR;
				GCC_WARN_UNDECLARED_SELECTOR = YES;
				GCC_WARN_UNINITIALIZED_AUTOS = YES_AGGRESSIVE;
				GCC_WARN_UNUSED_FUNCTION = YES;
				GCC_WARN_UNUSED_VARIABLE = YES;
				IPHONEOS_DEPLOYMENT_TARGET = 16.4;
				MTL_ENABLE_DEBUG_INFO = NO;
				MTL_FAST_MATH = YES;
				SDKROOT = iphoneos;
				SWIFT_COMPILATION_MODE = wholemodule;
				SWIFT_OPTIMIZATION_LEVEL = "-O";
				VALIDATE_PRODUCT = YES;
			};
			name = Release;
		};
		BE3F93E12B1C1E85000C2B49 /* Debug */ = {
			isa = XCBuildConfiguration;
			buildSettings = {
				ASSETCATALOG_COMPILER_APPICON_NAME = AppIcon;
				ASSETCATALOG_COMPILER_GLOBAL_ACCENT_COLOR_NAME = AccentColor;
				CODE_SIGN_STYLE = Automatic;
				CURRENT_PROJECT_VERSION = 1;
				GENERATE_INFOPLIST_FILE = YES;
				INFOPLIST_FILE = "IP09-TipCalculator/Info.plist";
				INFOPLIST_KEY_UIApplicationSupportsIndirectInputEvents = YES;
				INFOPLIST_KEY_UILaunchStoryboardName = LaunchScreen;
				INFOPLIST_KEY_UIMainStoryboardFile = Main;
				INFOPLIST_KEY_UISupportedInterfaceOrientations_iPad = "UIInterfaceOrientationPortrait UIInterfaceOrientationPortraitUpsideDown UIInterfaceOrientationLandscapeLeft UIInterfaceOrientationLandscapeRight";
				INFOPLIST_KEY_UISupportedInterfaceOrientations_iPhone = "UIInterfaceOrientationPortrait UIInterfaceOrientationLandscapeLeft UIInterfaceOrientationLandscapeRight";
				LD_RUNPATH_SEARCH_PATHS = (
					"$(inherited)",
					"@executable_path/Frameworks",
				);
				MARKETING_VERSION = 1.0;
				PRODUCT_BUNDLE_IDENTIFIER = "MobileApps.IP09-TipCalculator";
				PRODUCT_NAME = "$(TARGET_NAME)";
				SWIFT_EMIT_LOC_STRINGS = YES;
				SWIFT_VERSION = 5.0;
				TARGETED_DEVICE_FAMILY = "1,2";
			};
			name = Debug;
		};
		BE3F93E22B1C1E85000C2B49 /* Release */ = {
			isa = XCBuildConfiguration;
			buildSettings = {
				ASSETCATALOG_COMPILER_APPICON_NAME = AppIcon;
				ASSETCATALOG_COMPILER_GLOBAL_ACCENT_COLOR_NAME = AccentColor;
				CODE_SIGN_STYLE = Automatic;
				CURRENT_PROJECT_VERSION = 1;
				GENERATE_INFOPLIST_FILE = YES;
				INFOPLIST_FILE = "IP09-TipCalculator/Info.plist";
				INFOPLIST_KEY_UIApplicationSupportsIndirectInputEvents = YES;
				INFOPLIST_KEY_UILaunchStoryboardName = LaunchScreen;
				INFOPLIST_KEY_UIMainStoryboardFile = Main;
				INFOPLIST_KEY_UISupportedInterfaceOrientations_iPad = "UIInterfaceOrientationPortrait UIInterfaceOrientationPortraitUpsideDown UIInterfaceOrientationLandscapeLeft UIInterfaceOrientationLandscapeRight";
				INFOPLIST_KEY_UISupportedInterfaceOrientations_iPhone = "UIInterfaceOrientationPortrait UIInterfaceOrientationLandscapeLeft UIInterfaceOrientationLandscapeRight";
				LD_RUNPATH_SEARCH_PATHS = (
					"$(inherited)",
					"@executable_path/Frameworks",
				);
				MARKETING_VERSION = 1.0;
				PRODUCT_BUNDLE_IDENTIFIER = "MobileApps.IP09-TipCalculator";
				PRODUCT_NAME = "$(TARGET_NAME)";
				SWIFT_EMIT_LOC_STRINGS = YES;
				SWIFT_VERSION = 5.0;
				TARGETED_DEVICE_FAMILY = "1,2";
			};
			name = Release;
		};
		BE3F93E42B1C1E85000C2B49 /* Debug */ = {
			isa = XCBuildConfiguration;
			buildSettings = {
				ALWAYS_EMBED_SWIFT_STANDARD_LIBRARIES = YES;
				BUNDLE_LOADER = "$(TEST_HOST)";
				CODE_SIGN_STYLE = Automatic;
				CURRENT_PROJECT_VERSION = 1;
				GENERATE_INFOPLIST_FILE = YES;
				IPHONEOS_DEPLOYMENT_TARGET = 16.4;
				MARKETING_VERSION = 1.0;
				PRODUCT_BUNDLE_IDENTIFIER = "MobileApps.IP09-TipCalculatorTests";
				PRODUCT_NAME = "$(TARGET_NAME)";
				SWIFT_EMIT_LOC_STRINGS = NO;
				SWIFT_VERSION = 5.0;
				TARGETED_DEVICE_FAMILY = "1,2";
				TEST_HOST = "$(BUILT_PRODUCTS_DIR)/IP09-TipCalculator.app/$(BUNDLE_EXECUTABLE_FOLDER_PATH)/IP09-TipCalculator";
			};
			name = Debug;
		};
		BE3F93E52B1C1E85000C2B49 /* Release */ = {
			isa = XCBuildConfiguration;
			buildSettings = {
				ALWAYS_EMBED_SWIFT_STANDARD_LIBRARIES = YES;
				BUNDLE_LOADER = "$(TEST_HOST)";
				CODE_SIGN_STYLE = Automatic;
				CURRENT_PROJECT_VERSION = 1;
				GENERATE_INFOPLIST_FILE = YES;
				IPHONEOS_DEPLOYMENT_TARGET = 16.4;
				MARKETING_VERSION = 1.0;
				PRODUCT_BUNDLE_IDENTIFIER = "MobileApps.IP09-TipCalculatorTests";
				PRODUCT_NAME = "$(TARGET_NAME)";
				SWIFT_EMIT_LOC_STRINGS = NO;
				SWIFT_VERSION = 5.0;
				TARGETED_DEVICE_FAMILY = "1,2";
				TEST_HOST = "$(BUILT_PRODUCTS_DIR)/IP09-TipCalculator.app/$(BUNDLE_EXECUTABLE_FOLDER_PATH)/IP09-TipCalculator";
			};
			name = Release;
		};
		BE3F93E72B1C1E85000C2B49 /* Debug */ = {
			isa = XCBuildConfiguration;
			buildSettings = {
				ALWAYS_EMBED_SWIFT_STANDARD_LIBRARIES = YES;
				CODE_SIGN_STYLE = Automatic;
				CURRENT_PROJECT_VERSION = 1;
				GENERATE_INFOPLIST_FILE = YES;
				MARKETING_VERSION = 1.0;
				PRODUCT_BUNDLE_IDENTIFIER = "MobileApps.IP09-TipCalculatorUITests";
				PRODUCT_NAME = "$(TARGET_NAME)";
				SWIFT_EMIT_LOC_STRINGS = NO;
				SWIFT_VERSION = 5.0;
				TARGETED_DEVICE_FAMILY = "1,2";
				TEST_TARGET_NAME = "IP09-TipCalculator";
			};
			name = Debug;
		};
		BE3F93E82B1C1E85000C2B49 /* Release */ = {
			isa = XCBuildConfiguration;
			buildSettings = {
				ALWAYS_EMBED_SWIFT_STANDARD_LIBRARIES = YES;
				CODE_SIGN_STYLE = Automatic;
				CURRENT_PROJECT_VERSION = 1;
				GENERATE_INFOPLIST_FILE = YES;
				MARKETING_VERSION = 1.0;
				PRODUCT_BUNDLE_IDENTIFIER = "MobileApps.IP09-TipCalculatorUITests";
				PRODUCT_NAME = "$(TARGET_NAME)";
				SWIFT_EMIT_LOC_STRINGS = NO;
				SWIFT_VERSION = 5.0;
				TARGETED_DEVICE_FAMILY = "1,2";
				TEST_TARGET_NAME = "IP09-TipCalculator";
			};
			name = Release;
		};
/* End XCBuildConfiguration section */

/* Begin XCConfigurationList section */
		BE3F93B12B1C1E83000C2B49 /* Build configuration list for PBXProject "IP09-TipCalculator" */ = {
			isa = XCConfigurationList;
			buildConfigurations = (
				BE3F93DE2B1C1E85000C2B49 /* Debug */,
				BE3F93DF2B1C1E85000C2B49 /* Release */,
			);
			defaultConfigurationIsVisible = 0;
			defaultConfigurationName = Release;
		};
		BE3F93E02B1C1E85000C2B49 /* Build configuration list for PBXNativeTarget "IP09-TipCalculator" */ = {
			isa = XCConfigurationList;
			buildConfigurations = (
				BE3F93E12B1C1E85000C2B49 /* Debug */,
				BE3F93E22B1C1E85000C2B49 /* Release */,
			);
			defaultConfigurationIsVisible = 0;
			defaultConfigurationName = Release;
		};
		BE3F93E32B1C1E85000C2B49 /* Build configuration list for PBXNativeTarget "IP09-TipCalculatorTests" */ = {
			isa = XCConfigurationList;
			buildConfigurations = (
				BE3F93E42B1C1E85000C2B49 /* Debug */,
				BE3F93E52B1C1E85000C2B49 /* Release */,
			);
			defaultConfigurationIsVisible = 0;
			defaultConfigurationName = Release;
		};
		BE3F93E62B1C1E85000C2B49 /* Build configuration list for PBXNativeTarget "IP09-TipCalculatorUITests" */ = {
			isa = XCConfigurationList;
			buildConfigurations = (
				BE3F93E72B1C1E85000C2B49 /* Debug */,
				BE3F93E82B1C1E85000C2B49 /* Release */,
			);
			defaultConfigurationIsVisible = 0;
			defaultConfigurationName = Release;
		};
/* End XCConfigurationList section */
	};
	rootObject = BE3F93AE2B1C1E83000C2B49 /* Project object */;
}
